
Microsoft Visual Studio Solution File, Format Version 12.00
Project("{FAE04EC0-301F-11D3-BF4B-00C04F79EFBC}") = "CodinGame", "CodinGame\CodinGame.csproj", "{75A4F288-0FD5-4C39-B317-8087843A7C1F}"
EndProject
Project("{2150E333-8FDC-42A3-9474-1A3956D46DE8}") = "SolutionItems", "SolutionItems", "{85F893CB-2A00-43EF-B0E5-B1FC916D187C}"
	ProjectSection(SolutionItems) = preProject
		global.json = global.json
		.gitignore = .gitignore
		Directory.Build.props = Directory.Build.props
		Directory.Build.targets = Directory.Build.targets
	EndProjectSection
EndProject
Project("{FAE04EC0-301F-11D3-BF4B-00C04F79EFBC}") = "RustImport", "RustImport\RustImport.csproj", "{23393727-AE8E-4A5A-A827-0AE5CEA2A131}"
EndProject
Project("{FAE04EC0-301F-11D3-BF4B-00C04F79EFBC}") = "RustExport", "RustExport\RustExport.csproj", "{26D7B1EE-A5D8-40F2-BFDD-2C520D7A5E68}"
EndProject
Project("{FAE04EC0-301F-11D3-BF4B-00C04F79EFBC}") = "RustWindowsService", "RustWindowsService\RustWindowsService.csproj", "{BD3F69FE-AD18-4487-94FE-5830BB53C48F}"
EndProject
Project("{FAE04EC0-301F-11D3-BF4B-00C04F79EFBC}") = "RustFileEnumerator", "RustFileEnumerator\RustFileEnumerator.csproj", "{BADAFA52-23AC-4268-8270-FB7ECBB98DFA}"
EndProject
Global
	GlobalSection(SolutionConfigurationPlatforms) = preSolution
		Debug|Any CPU = Debug|Any CPU
		Release|Any CPU = Release|Any CPU
	EndGlobalSection
	GlobalSection(ProjectConfigurationPlatforms) = postSolution
		{75A4F288-0FD5-4C39-B317-8087843A7C1F}.Debug|Any CPU.ActiveCfg = Debug|Any CPU
		{75A4F288-0FD5-4C39-B317-8087843A7C1F}.Debug|Any CPU.Build.0 = Debug|Any CPU
		{75A4F288-0FD5-4C39-B317-8087843A7C1F}.Release|Any CPU.ActiveCfg = Release|Any CPU
		{75A4F288-0FD5-4C39-B317-8087843A7C1F}.Release|Any CPU.Build.0 = Release|Any CPU
		{23393727-AE8E-4A5A-A827-0AE5CEA2A131}.Debug|Any CPU.ActiveCfg = Debug|Any CPU
		{23393727-AE8E-4A5A-A827-0AE5CEA2A131}.Debug|Any CPU.Build.0 = Debug|Any CPU
		{23393727-AE8E-4A5A-A827-0AE5CEA2A131}.Release|Any CPU.ActiveCfg = Release|Any CPU
		{23393727-AE8E-4A5A-A827-0AE5CEA2A131}.Release|Any CPU.Build.0 = Release|Any CPU
		{26D7B1EE-A5D8-40F2-BFDD-2C520D7A5E68}.Debug|Any CPU.ActiveCfg = Debug|Any CPU
		{26D7B1EE-A5D8-40F2-BFDD-2C520D7A5E68}.Debug|Any CPU.Build.0 = Debug|Any CPU
		{26D7B1EE-A5D8-40F2-BFDD-2C520D7A5E68}.Release|Any CPU.ActiveCfg = Release|Any CPU
		{26D7B1EE-A5D8-40F2-BFDD-2C520D7A5E68}.Release|Any CPU.Build.0 = Release|Any CPU
		{BD3F69FE-AD18-4487-94FE-5830BB53C48F}.Debug|Any CPU.ActiveCfg = Debug|Any CPU
		{BD3F69FE-AD18-4487-94FE-5830BB53C48F}.Debug|Any CPU.Build.0 = Debug|Any CPU
		{BD3F69FE-AD18-4487-94FE-5830BB53C48F}.Release|Any CPU.ActiveCfg = Release|Any CPU
		{BD3F69FE-AD18-4487-94FE-5830BB53C48F}.Release|Any CPU.Build.0 = Release|Any CPU
		{BADAFA52-23AC-4268-8270-FB7ECBB98DFA}.Debug|Any CPU.ActiveCfg = Debug|Any CPU
		{BADAFA52-23AC-4268-8270-FB7ECBB98DFA}.Debug|Any CPU.Build.0 = Debug|Any CPU
		{BADAFA52-23AC-4268-8270-FB7ECBB98DFA}.Release|Any CPU.ActiveCfg = Release|Any CPU
		{BADAFA52-23AC-4268-8270-FB7ECBB98DFA}.Release|Any CPU.Build.0 = Release|Any CPU
	EndGlobalSection
EndGlobal
